
Microsoft Visual Studio Solution File, Format Version 12.00
# Visual Studio Version 17
VisualStudioVersion = 17.2.32616.157
MinimumVisualStudioVersion = 10.0.40219.1
Project("{FAE04EC0-301F-11D3-BF4B-00C04F79EFBC}") = "APIoauth", "APIoauth.csproj", "{35FBC527-A08F-4B59-8290-CE2F97868A7F}"
EndProject
Global
	GlobalSection(SolutionConfigurationPlatforms) = preSolution
		Debug|Any CPU = Debug|Any CPU
		Release|Any CPU = Release|Any CPU
	EndGlobalSection
	GlobalSection(ProjectConfigurationPlatforms) = postSolution
		{35FBC527-A08F-4B59-8290-CE2F97868A7F}.Debug|Any CPU.ActiveCfg = Debug|Any CPU
		{35FBC527-A08F-4B59-8290-CE2F97868A7F}.Debug|Any CPU.Build.0 = Debug|Any CPU
		{35FBC527-A08F-4B59-8290-CE2F97868A7F}.Release|Any CPU.ActiveCfg = Release|Any CPU
		{35FBC527-A08F-4B59-8290-CE2F97868A7F}.Release|Any CPU.Build.0 = Release|Any CPU
	EndGlobalSection
	GlobalSection(SolutionProperties) = preSolution
		HideSolutionNode = FALSE
	EndGlobalSection
	GlobalSection(ExtensibilityGlobals) = postSolution
		SolutionGuid = {3F2B9783-4FF7-467A-9729-176E2906DDB6}
	EndGlobalSection
EndGlobal
